# @generated - this file is auto-generated by `mise lock` https://mise.jdx.dev/dev-tools/mise-lock.html

[[tools.age]]
version = "1.3.1"
backend = "aqua:FiloSottile/age"

[tools.age."platforms.linux-arm64"]
checksum = "sha256:c6878a324421b69e3e20b00ba17c04bc5c6dab0030cfe55bf8f68fa8d9e9093a"
url = "https://github.com/FiloSottile/age/releases/download/v1.3.1/age-v1.3.1-linux-arm64.tar.gz"

[tools.age."platforms.linux-arm64-musl"]
checksum = "sha256:c6878a324421b69e3e20b00ba17c04bc5c6dab0030cfe55bf8f68fa8d9e9093a"
url = "https://github.com/FiloSottile/age/releases/download/v1.3.1/age-v1.3.1-linux-arm64.tar.gz"

[tools.age."platforms.linux-x64"]
checksum = "sha256:bdc69c09cbdd6cf8b1f333d372a1f58247b3a33146406333e30c0f26e8f51377"
url = "https://github.com/FiloSottile/age/releases/download/v1.3.1/age-v1.3.1-linux-amd64.tar.gz"

[tools.age."platforms.linux-x64-musl"]
checksum = "sha256:bdc69c09cbdd6cf8b1f333d372a1f58247b3a33146406333e30c0f26e8f51377"
url = "https://github.com/FiloSottile/age/releases/download/v1.3.1/age-v1.3.1-linux-amd64.tar.gz"

[tools.age."platforms.macos-arm64"]
checksum = "sha256:01120ea2cbf0463d4c6bd767f99f3271bbed1cdc8a9aa718a76ba1fe4f01998b"
url = "https://github.com/FiloSottile/age/releases/download/v1.3.1/age-v1.3.1-darwin-arm64.tar.gz"

[tools.age."platforms.windows-x64"]
checksum = "sha256:c56e8ce22f7e80cb85ad946cc82d198767b056366201d3e1a2b93d865be38154"
url = "https://github.com/FiloSottile/age/releases/download/v1.3.1/age-v1.3.1-windows-amd64.zip"

[[tools.fnox]]
version = "1.15.1"
backend = "github:jdx/fnox"

[tools.fnox."platforms.linux-arm64"]
checksum = "sha256:6d705ccdb3e80e44d687f9771ea3c23ba94dd94cad33e74c5a9cbf790cd0df4c"
url = "https://github.com/jdx/fnox/releases/download/v1.15.1/fnox-aarch64-unknown-linux-gnu.tar.gz"
url_api = "https://api.github.com/repos/jdx/fnox/releases/assets/365349754"

[tools.fnox."platforms.linux-arm64-musl"]
checksum = "sha256:6d705ccdb3e80e44d687f9771ea3c23ba94dd94cad33e74c5a9cbf790cd0df4c"
url = "https://github.com/jdx/fnox/releases/download/v1.15.1/fnox-aarch64-unknown-linux-gnu.tar.gz"
url_api = "https://api.github.com/repos/jdx/fnox/releases/assets/365349754"

[tools.fnox."platforms.linux-x64"]
checksum = "sha256:6ceb388be77569b74e3a15296119b3b54f98a0909354ac6575843d1fe6116128"
url = "https://github.com/jdx/fnox/releases/download/v1.15.1/fnox-x86_64-unknown-linux-gnu.tar.gz"
url_api = "https://api.github.com/repos/jdx/fnox/releases/assets/365349767"

[tools.fnox."platforms.linux-x64-musl"]
checksum = "sha256:6ceb388be77569b74e3a15296119b3b54f98a0909354ac6575843d1fe6116128"
url = "https://github.com/jdx/fnox/releases/download/v1.15.1/fnox-x86_64-unknown-linux-gnu.tar.gz"
url_api = "https://api.github.com/repos/jdx/fnox/releases/assets/365349767"

[tools.fnox."platforms.macos-arm64"]
checksum = "sha256:440748f8aaea54a4c27dfa1e9b298759a0ae6430429f3e5ef7b71a530a1518c6"
url = "https://github.com/jdx/fnox/releases/download/v1.15.1/fnox-aarch64-apple-darwin.tar.gz"
url_api = "https://api.github.com/repos/jdx/fnox/releases/assets/365349753"

[tools.fnox."platforms.macos-x64"]
checksum = "sha256:c0fafbcba2c2a96ea715785af957462246516f19620bf7b37da12693cd9ac190"
url = "https://github.com/jdx/fnox/releases/download/v1.15.1/fnox-x86_64-apple-darwin.tar.gz"
url_api = "https://api.github.com/repos/jdx/fnox/releases/assets/365349756"

[tools.fnox."platforms.windows-x64"]
checksum = "sha256:b0dbc7fc5c7d5b5a2e932239fe4c710bdf0305d1006a1753d819b7b2956ec199"
url = "https://github.com/jdx/fnox/releases/download/v1.15.1/fnox-x86_64-pc-windows-msvc.zip"
url_api = "https://api.github.com/repos/jdx/fnox/releases/assets/365349757"

[[tools.pitchfork]]
version = "2.1.0"
backend = "aqua:jdx/pitchfork"

[tools.pitchfork."platforms.linux-arm64"]
checksum = "sha256:76b8c581da524a3a9f9b9b67c42567fc89a8df9f0b87a157cc0e5ac5cbd47117"
url = "https://github.com/jdx/pitchfork/releases/download/v2.1.0/pitchfork-aarch64-unknown-linux-gnu.tar.gz"

[tools.pitchfork."platforms.linux-arm64-musl"]
checksum = "sha256:76b8c581da524a3a9f9b9b67c42567fc89a8df9f0b87a157cc0e5ac5cbd47117"
url = "https://github.com/jdx/pitchfork/releases/download/v2.1.0/pitchfork-aarch64-unknown-linux-gnu.tar.gz"

[tools.pitchfork."platforms.linux-x64"]
checksum = "sha256:684a722874294394d334e2d26aaeb99a5a2728ff8280a9acb49c07afe2d80b3f"
url = "https://github.com/jdx/pitchfork/releases/download/v2.1.0/pitchfork-x86_64-unknown-linux-gnu.tar.gz"

[tools.pitchfork."platforms.linux-x64-musl"]
checksum = "sha256:684a722874294394d334e2d26aaeb99a5a2728ff8280a9acb49c07afe2d80b3f"
url = "https://github.com/jdx/pitchfork/releases/download/v2.1.0/pitchfork-x86_64-unknown-linux-gnu.tar.gz"

[tools.pitchfork."platforms.macos-arm64"]
checksum = "sha256:ddd83dbbe56c4afc71d27c2df9520f6e7ae46863f3de17aa0e7c6f7975c995c0"
url = "https://github.com/jdx/pitchfork/releases/download/v2.1.0/pitchfork-aarch64-apple-darwin.tar.gz"

[tools.pitchfork."platforms.windows-x64"]
checksum = "sha256:6deaa784e3f3e846c5252d23d152f759052492e4cf5ca86bf66f53cddaf70a68"
url = "https://github.com/jdx/pitchfork/releases/download/v2.1.0/pitchfork-x86_64-pc-windows-msvc.zip"

[[tools.pixi]]
version = "0.65.0"
backend = "github:prefix-dev/pixi"

[tools.pixi."platforms.linux-arm64"]
checksum = "sha256:c77be0963888a2da84dc79f331bfef7feee9945aff2b2e6ae555e72c4172258f"
url = "https://github.com/prefix-dev/pixi/releases/download/v0.65.0/pixi-aarch64-unknown-linux-musl.tar.gz"
url_api = "https://api.github.com/repos/prefix-dev/pixi/releases/assets/362918741"
provenance = "slsa"

[tools.pixi."platforms.linux-arm64-musl"]
checksum = "sha256:c77be0963888a2da84dc79f331bfef7feee9945aff2b2e6ae555e72c4172258f"
url = "https://github.com/prefix-dev/pixi/releases/download/v0.65.0/pixi-aarch64-unknown-linux-musl.tar.gz"
url_api = "https://api.github.com/repos/prefix-dev/pixi/releases/assets/362918741"
provenance = "slsa"

[tools.pixi."platforms.linux-x64"]
checksum = "sha256:216adf73a7ba92547d38a4768c2c7cdad8cabb90af466b00c9ef69db89dc8649"
url = "https://github.com/prefix-dev/pixi/releases/download/v0.65.0/pixi-x86_64-unknown-linux-musl.tar.gz"
url_api = "https://api.github.com/repos/prefix-dev/pixi/releases/assets/362918797"
provenance = "slsa"

[tools.pixi."platforms.linux-x64-musl"]
checksum = "sha256:216adf73a7ba92547d38a4768c2c7cdad8cabb90af466b00c9ef69db89dc8649"
url = "https://github.com/prefix-dev/pixi/releases/download/v0.65.0/pixi-x86_64-unknown-linux-musl.tar.gz"
url_api = "https://api.github.com/repos/prefix-dev/pixi/releases/assets/362918797"
provenance = "slsa"

[tools.pixi."platforms.macos-arm64"]
checksum = "sha256:9a64317d9f63381de1b873f172048b5c5cb591fec520bfa384ca8e25357ca47b"
url = "https://github.com/prefix-dev/pixi/releases/download/v0.65.0/pixi-aarch64-apple-darwin.tar.gz"
url_api = "https://api.github.com/repos/prefix-dev/pixi/releases/assets/362918718"
provenance = "slsa"

[tools.pixi."platforms.macos-x64"]
checksum = "sha256:e87394f3ae00023655a63f8b7b4eae541410c342756d52ffaef65eebeb4e27f1"
url = "https://github.com/prefix-dev/pixi/releases/download/v0.65.0/pixi-x86_64-apple-darwin.tar.gz"
url_api = "https://api.github.com/repos/prefix-dev/pixi/releases/assets/362918753"
provenance = "slsa"

[tools.pixi."platforms.windows-x64"]
checksum = "sha256:69e78741b24a10742ae2b0831505952a0beb493e54d30ddc5223ce1465f13f78"
url = "https://github.com/prefix-dev/pixi/releases/download/v0.65.0/pixi-x86_64-pc-windows-msvc.zip"
url_api = "https://api.github.com/repos/prefix-dev/pixi/releases/assets/362918778"
provenance = "slsa"

[[tools.prek]]
version = "0.3.5"
backend = "aqua:j178/prek"

[tools.prek."platforms.linux-arm64"]
checksum = "sha256:2534c3297c466814a0356121c9fe15934433ec3dd0343f0c8251ff348b08fa41"
url = "https://github.com/j178/prek/releases/download/v0.3.5/prek-aarch64-unknown-linux-musl.tar.gz"

[tools.prek."platforms.linux-arm64-musl"]
checksum = "sha256:2534c3297c466814a0356121c9fe15934433ec3dd0343f0c8251ff348b08fa41"
url = "https://github.com/j178/prek/releases/download/v0.3.5/prek-aarch64-unknown-linux-musl.tar.gz"

[tools.prek."platforms.linux-x64"]
checksum = "sha256:b8a18b6da657e2a85cabaa699da191f0aaa55008109cf97d23ae0580962876dc"
url = "https://github.com/j178/prek/releases/download/v0.3.5/prek-x86_64-unknown-linux-musl.tar.gz"

[tools.prek."platforms.linux-x64-musl"]
checksum = "sha256:b8a18b6da657e2a85cabaa699da191f0aaa55008109cf97d23ae0580962876dc"
url = "https://github.com/j178/prek/releases/download/v0.3.5/prek-x86_64-unknown-linux-musl.tar.gz"

[tools.prek."platforms.macos-arm64"]
checksum = "sha256:652cc3f3907f732028366c1da60babfdd9236fc7bef1a686fa561b45e6f948de"
url = "https://github.com/j178/prek/releases/download/v0.3.5/prek-aarch64-apple-darwin.tar.gz"

[tools.prek."platforms.macos-x64"]
checksum = "sha256:e4fdab89c5fcca22ea99c4582eb8186e088c8d5c10b10c4fa97e1cff45050c6d"
url = "https://github.com/j178/prek/releases/download/v0.3.5/prek-x86_64-apple-darwin.tar.gz"

[tools.prek."platforms.windows-x64"]
checksum = "sha256:d7f0877d54533376186b31455f3c23f226eaecaa4ff9e8169d5bd1670f594525"
url = "https://github.com/j178/prek/releases/download/v0.3.5/prek-x86_64-pc-windows-msvc.zip"

[[tools.uv]]
version = "0.10.9"
backend = "aqua:astral-sh/uv"

[tools.uv."platforms.linux-arm64"]
checksum = "sha256:05b0d3087e913ebe11756365a90dd47c05d6728752fdbe129ad4c3ccd769826d"
url = "https://github.com/astral-sh/uv/releases/download/0.10.9/uv-aarch64-unknown-linux-musl.tar.gz"

[tools.uv."platforms.linux-arm64-musl"]
checksum = "sha256:05b0d3087e913ebe11756365a90dd47c05d6728752fdbe129ad4c3ccd769826d"
url = "https://github.com/astral-sh/uv/releases/download/0.10.9/uv-aarch64-unknown-linux-musl.tar.gz"

[tools.uv."platforms.linux-x64"]
checksum = "sha256:433e56874739e92c7cfd661ba9e5f287b376ca612c08c8194a41a98a13158aea"
url = "https://github.com/astral-sh/uv/releases/download/0.10.9/uv-x86_64-unknown-linux-musl.tar.gz"

[tools.uv."platforms.linux-x64-musl"]
checksum = "sha256:433e56874739e92c7cfd661ba9e5f287b376ca612c08c8194a41a98a13158aea"
url = "https://github.com/astral-sh/uv/releases/download/0.10.9/uv-x86_64-unknown-linux-musl.tar.gz"

[tools.uv."platforms.macos-arm64"]
checksum = "sha256:a92f61e9ac9b0f29668c15f56152e4a60143fca148ff5bfadb86718472c3f376"
url = "https://github.com/astral-sh/uv/releases/download/0.10.9/uv-aarch64-apple-darwin.tar.gz"

[tools.uv."platforms.macos-x64"]
checksum = "sha256:9cc2de7d195fa157f98b306a8a1cb151ded93f488939b93363cebc8b9d598c28"
url = "https://github.com/astral-sh/uv/releases/download/0.10.9/uv-x86_64-apple-darwin.tar.gz"

[tools.uv."platforms.windows-x64"]
checksum = "sha256:f58dc40896000229db7c52b8bdd931394040ef2ad59abd1eda841f6d70b13d7a"
url = "https://github.com/astral-sh/uv/releases/download/0.10.9/uv-x86_64-pc-windows-msvc.zip"
